PODS:
  - boost (1.83.0)
  - DoubleConversion (1.1.6)
  - Expo (50.0.6)
  - FBLazyVector (0.73.16)
  - FBReactNativeSpec (0.73.16):
    - RCT-Folly (= 2022.05.16.00)
    - RCTRequired (= 0.73.16)
    - RCTTypeSafety (= 0.73.16)
    - React-Core (= 0.73.16)
    - React-jsi (= 0.73.16)
    - ReactCommon/turbomodule/core (= 0.73.16)
  - fmt (9.1.0)
  - glog (0.3.5)
  - RCT-Folly (2022.05.16.00):
    - boost
    - DoubleConversion
    - fmt (= 9.1.0)
    - glog
    - RCT-Folly/Default (= 2022.05.16.00)
  - RCT-Folly/Default (2022.05.16.00):
    - boost
    - DoubleConversion
    - fmt (= 9.1.0)
    - glog
  - RCT-Folly/Fabric (2022.05.16.00):
    - boost
    - DoubleConversion
    - fmt (= 9.1.0)
    - glog
  - RCTRequired (0.73.16)
  - RCTTypeSafety (0.73.16):
    - FBLazyVector (= 0.73.16)
    - RCTRequired (= 0.73.16)
    - React-Core (= 0.73.16)
  - React (0.73.16):
    - React-Core (= 0.73.16)
    - React-Core/DevSupport (= 0.73.16)
    - React-Core/RCTWebSocket (= 0.73.16)
    - React-RCTActionSheet (= 0.73.16)
    - React-RCTAnimation (= 0.73.16)
    - React-RCTBlob (= 0.73.16)
    - React-RCTImage (= 0.73.16)
    - React-RCTLinking (= 0.73.16)
    - React-RCTNetwork (= 0.73.16)
    - React-RCTSettings (= 0.73.16)
    - React-RCTText (= 0.73.16)
    - React-RCTVibration (= 0.73.16)
  - React-callinvoker (0.73.16)
  - React-Codegen (0.73.16):
    - DoubleConversion
    - FBReactNativeSpec
    - glog
    - RCT-Folly
    - RCTRequired
    - RCTTypeSafety
    - React-Core
    - React-jsc
    - React-jsi
    - React-jsiexecutor
    - React-NativeModulesApple
    - React-rncore
    - ReactCommon/turbomodule/bridging
    - ReactCommon/turbomodule/core
  - React-Core (0.73.16):
    - glog
    - RCT-Folly (= 2022.05.16.00)
    - React-Core/Default (= 0.73.16)
    - React-cxxreact
    - React-jsc
    - React-jsi
    - React-jsiexecutor
    - React-perflogger
    - React-runtimescheduler
    - React-utils
    - SocketRocket (= 0.7.0)
    - Yoga
  - React-Core/CoreModulesHeaders (0.73.16):
    - glog
    - RCT-Folly (= 2022.05.16.00)
    - React-Core/Default
    - React-cxxreact
    - React-jsc
    - React-jsi
    - React-jsiexecutor
    - React-perflogger
    - React-runtimescheduler
    - React-utils
    - SocketRocket (= 0.7.0)
    - Yoga
  - React-Core/Default (0.73.16):
    - glog
    - RCT-Folly (= 2022.05.16.00)
    - React-cxxreact
    - React-jsc
    - React-jsi
    - React-jsiexecutor
    - React-perflogger
    - React-runtimescheduler
    - React-utils
    - SocketRocket (= 0.7.0)
    - Yoga
  - React-Core/DevSupport (0.73.16):
    - glog
    - RCT-Folly (= 2022.05.16.00)
    - React-Core/Default (= 0.73.16)
    - React-Core/RCTWebSocket (= 0.73.16)
    - React-cxxreact
    - React-jsc
    - React-jsi
    - React-jsiexecutor
    - React-jsinspector (= 0.73.16)
    - React-perflogger
    - React-runtimescheduler
    - React-utils
    - SocketRocket (= 0.7.0)
    - Yoga
  - React-Core/RCTActionSheetHeaders (0.73.16):
    - glog
    - RCT-Folly (= 2022.05.16.00)
    - React-Core/Default
    - React-cxxreact
    - React-jsc
    - React-jsi
    - React-jsiexecutor
    - React-perflogger
    - React-runtimescheduler
    - React-utils
    - SocketRocket (= 0.7.0)
    - Yoga
  - React-Core/RCTAnimationHeaders (0.73.16):
    - glog
    - RCT-Folly (= 2022.05.16.00)
    - React-Core/Default
    - React-cxxreact
    - React-jsc
    - React-jsi
    - React-jsiexecutor
    - React-perflogger
    - React-runtimescheduler
    - React-utils
    - SocketRocket (= 0.7.0)
    - Yoga
  - React-Core/RCTBlobHeaders (0.73.16):
    - glog
    - RCT-Folly (= 2022.05.16.00)
    - React-Core/Default
    - React-cxxreact
    - React-jsc
    - React-jsi
    - React-jsiexecutor
    - React-perflogger
    - React-runtimescheduler
    - React-utils
    - SocketRocket (= 0.7.0)
    - Yoga
  - React-Core/RCTImageHeaders (0.73.16):
    - glog
    - RCT-Folly (= 2022.05.16.00)
    - React-Core/Default
    - React-cxxreact
    - React-jsc
    - React-jsi
    - React-jsiexecutor
    - React-perflogger
    - React-runtimescheduler
    - React-utils
    - SocketRocket (= 0.7.0)
    - Yoga
  - React-Core/RCTLinkingHeaders (0.73.16):
    - glog
    - RCT-Folly (= 2022.05.16.00)
    - React-Core/Default
    - React-cxxreact
    - React-jsc
    - React-jsi
    - React-jsiexecutor
    - React-perflogger
    - React-runtimescheduler
    - React-utils
    - SocketRocket (= 0.7.0)
    - Yoga
  - React-Core/RCTNetworkHeaders (0.73.16):
    - glog
    - RCT-Folly (= 2022.05.16.00)
    - React-Core/Default
    - React-cxxreact
    - React-jsc
    - React-jsi
    - React-jsiexecutor
    - React-perflogger
    - React-runtimescheduler
    - React-utils
    - SocketRocket (= 0.7.0)
    - Yoga
  - React-Core/RCTSettingsHeaders (0.73.16):
    - glog
    - RCT-Folly (= 2022.05.16.00)
    - React-Core/Default
    - React-cxxreact
    - React-jsc
    - React-jsi
    - React-jsiexecutor
    - React-perflogger
    - React-runtimescheduler
    - React-utils
    - SocketRocket (= 0.7.0)
    - Yoga
  - React-Core/RCTTextHeaders (0.73.16):
    - glog
    - RCT-Folly (= 2022.05.16.00)
    - React-Core/Default
    - React-cxxreact
    - React-jsc
    - React-jsi
    - React-jsiexecutor
    - React-perflogger
    - React-runtimescheduler
    - React-utils
    - SocketRocket (= 0.7.0)
    - Yoga
  - React-Core/RCTVibrationHeaders (0.73.16):
    - glog
    - RCT-Folly (= 2022.05.16.00)
    - React-Core/Default
    - React-cxxreact
    - React-jsc
    - React-jsi
    - React-jsiexecutor
    - React-perflogger
    - React-runtimescheduler
    - React-utils
    - SocketRocket (= 0.7.0)
    - Yoga
  - React-Core/RCTWebSocket (0.73.16):
    - glog
    - RCT-Folly (= 2022.05.16.00)
    - React-Core/Default (= 0.73.16)
    - React-cxxreact
    - React-jsc
    - React-jsi
    - React-jsiexecutor
    - React-perflogger
    - React-runtimescheduler
    - React-utils
    - SocketRocket (= 0.7.0)
    - Yoga
  - React-CoreModules (0.73.16):
    - RCT-Folly (= 2022.05.16.00)
    - RCTTypeSafety (= 0.73.16)
    - React-Codegen
    - React-Core/CoreModulesHeaders (= 0.73.16)
    - React-jsi (= 0.73.16)
    - React-NativeModulesApple
    - React-RCTBlob
    - React-RCTImage (= 0.73.16)
    - ReactCommon
    - SocketRocket (= 0.7.0)
  - React-cxxreact (0.73.16):
    - boost (= 1.83.0)
    - DoubleConversion
    - fmt (= 9.1.0)
    - glog
    - RCT-Folly (= 2022.05.16.00)
    - React-callinvoker (= 0.73.16)
    - React-debug (= 0.73.16)
    - React-jsi (= 0.73.16)
    - React-jsinspector (= 0.73.16)
    - React-logger (= 0.73.16)
    - React-perflogger (= 0.73.16)
    - React-runtimeexecutor (= 0.73.16)
  - React-debug (0.73.16)
  - React-Fabric (0.73.16):
    - DoubleConversion
    - fmt (= 9.1.0)
    - glog
    - RCT-Folly/Fabric (= 2022.05.16.00)
    - RCTRequired
    - RCTTypeSafety
    - React-Core
    - React-cxxreact
    - React-debug
    - React-Fabric/animations (= 0.73.16)
    - React-Fabric/attributedstring (= 0.73.16)
    - React-Fabric/componentregistry (= 0.73.16)
    - React-Fabric/componentregistrynative (= 0.73.16)
    - React-Fabric/components (= 0.73.16)
    - React-Fabric/core (= 0.73.16)
    - React-Fabric/imagemanager (= 0.73.16)
    - React-Fabric/leakchecker (= 0.73.16)
    - React-Fabric/mounting (= 0.73.16)
    - React-Fabric/scheduler (= 0.73.16)
    - React-Fabric/telemetry (= 0.73.16)
    - React-Fabric/templateprocessor (= 0.73.16)
    - React-Fabric/textlayoutmanager (= 0.73.16)
    - React-Fabric/uimanager (= 0.73.16)
    - React-graphics
    - React-jsc
    - React-jsi
    - React-jsiexecutor
    - React-logger
    - React-rendererdebug
    - React-runtimescheduler
    - React-utils
    - ReactCommon/turbomodule/core
  - React-Fabric/animations (0.73.16):
    - DoubleConversion
    - fmt (= 9.1.0)
    - glog
    - RCT-Folly/Fabric (= 2022.05.16.00)
    - RCTRequired
    - RCTTypeSafety
    - React-Core
    - React-cxxreact
    - React-debug
    - React-graphics
    - React-jsc
    - React-jsi
    - React-jsiexecutor
    - React-logger
    - React-rendererdebug
    - React-runtimescheduler
    - React-utils
    - ReactCommon/turbomodule/core
  - React-Fabric/attributedstring (0.73.16):
    - DoubleConversion
    - fmt (= 9.1.0)
    - glog
    - RCT-Folly/Fabric (= 2022.05.16.00)
    - RCTRequired
    - RCTTypeSafety
    - React-Core
    - React-cxxreact
    - React-debug
    - React-graphics
    - React-jsc
    - React-jsi
    - React-jsiexecutor
    - React-logger
    - React-rendererdebug
    - React-runtimescheduler
    - React-utils
    - ReactCommon/turbomodule/core
  - React-Fabric/componentregistry (0.73.16):
    - DoubleConversion
    - fmt (= 9.1.0)
    - glog
    - RCT-Folly/Fabric (= 2022.05.16.00)
    - RCTRequired
    - RCTTypeSafety
    - React-Core
    - React-cxxreact
    - React-debug
    - React-graphics
    - React-jsc
    - React-jsi
    - React-jsiexecutor
    - React-logger
    - React-rendererdebug
    - React-runtimescheduler
    - React-utils
    - ReactCommon/turbomodule/core
  - React-Fabric/componentregistrynative (0.73.16):
    - DoubleConversion
    - fmt (= 9.1.0)
    - glog
    - RCT-Folly/Fabric (= 2022.05.16.00)
    - RCTRequired
    - RCTTypeSafety
    - React-Core
    - React-cxxreact
    - React-debug
    - React-graphics
    - React-jsc
    - React-jsi
    - React-jsiexecutor
    - React-logger
    - React-rendererdebug
    - React-runtimescheduler
    - React-utils
    - ReactCommon/turbomodule/core
  - React-Fabric/components (0.73.16):
    - DoubleConversion
    - fmt (= 9.1.0)
    - glog
    - RCT-Folly/Fabric (= 2022.05.16.00)
    - RCTRequired
    - RCTTypeSafety
    - React-Core
    - React-cxxreact
    - React-debug
    - React-Fabric/components/inputaccessory (= 0.73.16)
    - React-Fabric/components/legacyviewmanagerinterop (= 0.73.16)
    - React-Fabric/components/modal (= 0.73.16)
    - React-Fabric/components/rncore (= 0.73.16)
    - React-Fabric/components/root (= 0.73.16)
    - React-Fabric/components/safeareaview (= 0.73.16)
    - React-Fabric/components/scrollview (= 0.73.16)
    - React-Fabric/components/text (= 0.73.16)
    - React-Fabric/components/textinput (= 0.73.16)
    - React-Fabric/components/unimplementedview (= 0.73.16)
    - React-Fabric/components/view (= 0.73.16)
    - React-graphics
    - React-jsc
    - React-jsi
    - React-jsiexecutor
    - React-logger
    - React-rendererdebug
    - React-runtimescheduler
    - React-utils
    - ReactCommon/turbomodule/core
  - React-Fabric/components/inputaccessory (0.73.16):
    - DoubleConversion
    - fmt (= 9.1.0)
    - glog
    - RCT-Folly/Fabric (= 2022.05.16.00)
    - RCTRequired
    - RCTTypeSafety
    - React-Core
    - React-cxxreact
    - React-debug
    - React-graphics
    - React-jsc
    - React-jsi
    - React-jsiexecutor
    - React-logger
    - React-rendererdebug
    - React-runtimescheduler
    - React-utils
    - ReactCommon/turbomodule/core
  - React-Fabric/components/legacyviewmanagerinterop (0.73.16):
    - DoubleConversion
    - fmt (= 9.1.0)
    - glog
    - RCT-Folly/Fabric (= 2022.05.16.00)
    - RCTRequired
    - RCTTypeSafety
    - React-Core
    - React-cxxreact
    - React-debug
    - React-graphics
    - React-jsc
    - React-jsi
    - React-jsiexecutor
    - React-logger
    - React-rendererdebug
    - React-runtimescheduler
    - React-utils
    - ReactCommon/turbomodule/core
  - React-Fabric/components/modal (0.73.16):
    - DoubleConversion
    - fmt (= 9.1.0)
    - glog
    - RCT-Folly/Fabric (= 2022.05.16.00)
    - RCTRequired
    - RCTTypeSafety
    - React-Core
    - React-cxxreact
    - React-debug
    - React-graphics
    - React-jsc
    - React-jsi
    - React-jsiexecutor
    - React-logger
    - React-rendererdebug
    - React-runtimescheduler
    - React-utils
    - ReactCommon/turbomodule/core
  - React-Fabric/components/rncore (0.73.16):
    - DoubleConversion
    - fmt (= 9.1.0)
    - glog
    - RCT-Folly/Fabric (= 2022.05.16.00)
    - RCTRequired
    - RCTTypeSafety
    - React-Core
    - React-cxxreact
    - React-debug
    - React-graphics
    - React-jsc
    - React-jsi
    - React-jsiexecutor
    - React-logger
    - React-rendererdebug
    - React-runtimescheduler
    - React-utils
    - ReactCommon/turbomodule/core
  - React-Fabric/components/root (0.73.16):
    - DoubleConversion
    - fmt (= 9.1.0)
    - glog
    - RCT-Folly/Fabric (= 2022.05.16.00)
    - RCTRequired
    - RCTTypeSafety
    - React-Core
    - React-cxxreact
    - React-debug
    - React-graphics
    - React-jsc
    - React-jsi
    - React-jsiexecutor
    - React-logger
    - React-rendererdebug
    - React-runtimescheduler
    - React-utils
    - ReactCommon/turbomodule/core
  - React-Fabric/components/safeareaview (0.73.16):
    - DoubleConversion
    - fmt (= 9.1.0)
    - glog
    - RCT-Folly/Fabric (= 2022.05.16.00)
    - RCTRequired
    - RCTTypeSafety
    - React-Core
    - React-cxxreact
    - React-debug
    - React-graphics
    - React-jsc
    - React-jsi
    - React-jsiexecutor
    - React-logger
    - React-rendererdebug
    - React-runtimescheduler
    - React-utils
    - ReactCommon/turbomodule/core
  - React-Fabric/components/scrollview (0.73.16):
    - DoubleConversion
    - fmt (= 9.1.0)
    - glog
    - RCT-Folly/Fabric (= 2022.05.16.00)
    - RCTRequired
    - RCTTypeSafety
    - React-Core
    - React-cxxreact
    - React-debug
    - React-graphics
    - React-jsc
    - React-jsi
    - React-jsiexecutor
    - React-logger
    - React-rendererdebug
    - React-runtimescheduler
    - React-utils
    - ReactCommon/turbomodule/core
  - React-Fabric/components/text (0.73.16):
    - DoubleConversion
    - fmt (= 9.1.0)
    - glog
    - RCT-Folly/Fabric (= 2022.05.16.00)
    - RCTRequired
    - RCTTypeSafety
    - React-Core
    - React-cxxreact
    - React-debug
    - React-graphics
    - React-jsc
    - React-jsi
    - React-jsiexecutor
    - React-logger
    - React-rendererdebug
    - React-runtimescheduler
    - React-utils
    - ReactCommon/turbomodule/core
  - React-Fabric/components/textinput (0.73.16):
    - DoubleConversion
    - fmt (= 9.1.0)
    - glog
    - RCT-Folly/Fabric (= 2022.05.16.00)
    - RCTRequired
    - RCTTypeSafety
    - React-Core
    - React-cxxreact
    - React-debug
    - React-graphics
    - React-jsc
    - React-jsi
    - React-jsiexecutor
    - React-logger
    - React-rendererdebug
    - React-runtimescheduler
    - React-utils
    - ReactCommon/turbomodule/core
  - React-Fabric/components/unimplementedview (0.73.16):
    - DoubleConversion
    - fmt (= 9.1.0)
    - glog
    - RCT-Folly/Fabric (= 2022.05.16.00)
    - RCTRequired
    - RCTTypeSafety
    - React-Core
    - React-cxxreact
    - React-debug
    - React-graphics
    - React-jsc
    - React-jsi
    - React-jsiexecutor
    - React-logger
    - React-rendererdebug
    - React-runtimescheduler
    - React-utils
    - ReactCommon/turbomodule/core
  - React-Fabric/components/view (0.73.16):
    - DoubleConversion
    - fmt (= 9.1.0)
    - glog
    - RCT-Folly/Fabric (= 2022.05.16.00)
    - RCTRequired
    - RCTTypeSafety
    - React-Core
    - React-cxxreact
    - React-debug
    - React-graphics
    - React-jsc
    - React-jsi
    - React-jsiexecutor
    - React-logger
    - React-rendererdebug
    - React-runtimescheduler
    - React-utils
    - ReactCommon/turbomodule/core
    - Yoga
  - React-Fabric/core (0.73.16):
    - DoubleConversion
    - fmt (= 9.1.0)
    - glog
    - RCT-Folly/Fabric (= 2022.05.16.00)
    - RCTRequired
    - RCTTypeSafety
    - React-Core
    - React-cxxreact
    - React-debug
    - React-graphics
    - React-jsc
    - React-jsi
    - React-jsiexecutor
    - React-logger
    - React-rendererdebug
    - React-runtimescheduler
    - React-utils
    - ReactCommon/turbomodule/core
  - React-Fabric/imagemanager (0.73.16):
    - DoubleConversion
    - fmt (= 9.1.0)
    - glog
    - RCT-Folly/Fabric (= 2022.05.16.00)
    - RCTRequired
    - RCTTypeSafety
    - React-Core
    - React-cxxreact
    - React-debug
    - React-graphics
    - React-jsc
    - React-jsi
    - React-jsiexecutor
    - React-logger
    - React-rendererdebug
    - React-runtimescheduler
    - React-utils
    - ReactCommon/turbomodule/core
  - React-Fabric/leakchecker (0.73.16):
    - DoubleConversion
    - fmt (= 9.1.0)
    - glog
    - RCT-Folly/Fabric (= 2022.05.16.00)
    - RCTRequired
    - RCTTypeSafety
    - React-Core
    - React-cxxreact
    - React-debug
    - React-graphics
    - React-jsc
    - React-jsi
    - React-jsiexecutor
    - React-logger
    - React-rendererdebug
    - React-runtimescheduler
    - React-utils
    - ReactCommon/turbomodule/core
  - React-Fabric/mounting (0.73.16):
    - DoubleConversion
    - fmt (= 9.1.0)
    - glog
    - RCT-Folly/Fabric (= 2022.05.16.00)
    - RCTRequired
    - RCTTypeSafety
    - React-Core
    - React-cxxreact
    - React-debug
    - React-graphics
    - React-jsc
    - React-jsi
    - React-jsiexecutor
    - React-logger
    - React-rendererdebug
    - React-runtimescheduler
    - React-utils
    - ReactCommon/turbomodule/core
  - React-Fabric/scheduler (0.73.16):
    - DoubleConversion
    - fmt (= 9.1.0)
    - glog
    - RCT-Folly/Fabric (= 2022.05.16.00)
    - RCTRequired
    - RCTTypeSafety
    - React-Core
    - React-cxxreact
    - React-debug
    - React-graphics
    - React-jsc
    - React-jsi
    - React-jsiexecutor
    - React-logger
    - React-rendererdebug
    - React-runtimescheduler
    - React-utils
    - ReactCommon/turbomodule/core
  - React-Fabric/telemetry (0.73.16):
    - DoubleConversion
    - fmt (= 9.1.0)
    - glog
    - RCT-Folly/Fabric (= 2022.05.16.00)
    - RCTRequired
    - RCTTypeSafety
    - React-Core
    - React-cxxreact
    - React-debug
    - React-graphics
    - React-jsc
    - React-jsi
    - React-jsiexecutor
    - React-logger
    - React-rendererdebug
    - React-runtimescheduler
    - React-utils
    - ReactCommon/turbomodule/core
  - React-Fabric/templateprocessor (0.73.16):
    - DoubleConversion
    - fmt (= 9.1.0)
    - glog
    - RCT-Folly/Fabric (= 2022.05.16.00)
    - RCTRequired
    - RCTTypeSafety
    - React-Core
    - React-cxxreact
    - React-debug
    - React-graphics
    - React-jsc
    - React-jsi
    - React-jsiexecutor
    - React-logger
    - React-rendererdebug
    - React-runtimescheduler
    - React-utils
    - ReactCommon/turbomodule/core
  - React-Fabric/textlayoutmanager (0.73.16):
    - DoubleConversion
    - fmt (= 9.1.0)
    - glog
    - RCT-Folly/Fabric (= 2022.05.16.00)
    - RCTRequired
    - RCTTypeSafety
    - React-Core
    - React-cxxreact
    - React-debug
    - React-Fabric/uimanager
    - React-graphics
    - React-jsc
    - React-jsi
    - React-jsiexecutor
    - React-logger
    - React-rendererdebug
    - React-runtimescheduler
    - React-utils
    - ReactCommon/turbomodule/core
  - React-Fabric/uimanager (0.73.16):
    - DoubleConversion
    - fmt (= 9.1.0)
    - glog
    - RCT-Folly/Fabric (= 2022.05.16.00)
    - RCTRequired
    - RCTTypeSafety
    - React-Core
    - React-cxxreact
    - React-debug
    - React-graphics
    - React-jsc
    - React-jsi
    - React-jsiexecutor
    - React-logger
    - React-rendererdebug
    - React-runtimescheduler
    - React-utils
    - ReactCommon/turbomodule/core
  - React-FabricImage (0.73.16):
    - DoubleConversion
    - fmt (= 9.1.0)
    - glog
    - RCT-Folly/Fabric (= 2022.05.16.00)
    - RCTRequired (= 0.73.16)
    - RCTTypeSafety (= 0.73.16)
    - React-Fabric
    - React-graphics
    - React-ImageManager
    - React-jsc
    - React-jsi
    - React-jsiexecutor (= 0.73.16)
    - React-logger
    - React-rendererdebug
    - React-utils
    - ReactCommon
    - Yoga
  - React-graphics (0.73.16):
    - glog
    - RCT-Folly/Fabric (= 2022.05.16.00)
    - React-Core/Default (= 0.73.16)
    - React-utils
  - React-ImageManager (0.73.16):
    - glog
    - RCT-Folly/Fabric
    - React-Core/Default
    - React-debug
    - React-Fabric
    - React-graphics
    - React-rendererdebug
    - React-utils
  - React-jsc (0.73.16):
    - React-jsc/Fabric (= 0.73.16)
    - React-jsi (= 0.73.16)
  - React-jsc/Fabric (0.73.16):
    - React-jsi (= 0.73.16)
  - React-jserrorhandler (0.73.16):
    - RCT-Folly/Fabric (= 2022.05.16.00)
    - React-debug
    - React-jsi
    - React-Mapbuffer
  - React-jsi (0.73.16):
    - boost (= 1.83.0)
    - DoubleConversion
    - fmt (= 9.1.0)
    - glog
    - RCT-Folly (= 2022.05.16.00)
  - React-jsiexecutor (0.73.16):
    - DoubleConversion
    - fmt (= 9.1.0)
    - glog
    - RCT-Folly (= 2022.05.16.00)
    - React-cxxreact (= 0.73.16)
    - React-jsi (= 0.73.16)
    - React-perflogger (= 0.73.16)
  - React-jsinspector (0.73.16)
  - React-logger (0.73.16):
    - glog
  - React-Mapbuffer (0.73.16):
    - glog
    - React-debug
  - React-nativeconfig (0.73.16)
  - React-NativeModulesApple (0.73.16):
    - glog
    - React-callinvoker
    - React-Core
    - React-cxxreact
    - React-jsc
    - React-jsi
    - React-runtimeexecutor
    - ReactCommon/turbomodule/bridging
    - ReactCommon/turbomodule/core
  - React-perflogger (0.73.16)
  - React-RCTActionSheet (0.73.16):
    - React-Core/RCTActionSheetHeaders (= 0.73.16)
  - React-RCTAnimation (0.73.16):
    - RCT-Folly (= 2022.05.16.00)
    - RCTTypeSafety
    - React-Codegen
    - React-Core/RCTAnimationHeaders
    - React-jsi
    - React-NativeModulesApple
    - ReactCommon
  - React-RCTAppDelegate (0.73.16):
    - RCT-Folly
    - RCTRequired
    - RCTTypeSafety
    - React-Core
    - React-CoreModules
    - React-jsc
    - React-nativeconfig
    - React-NativeModulesApple
    - React-RCTFabric
    - React-RCTImage
    - React-RCTNetwork
    - React-runtimescheduler
    - ReactCommon
  - React-RCTBlob (0.73.16):
    - RCT-Folly (= 2022.05.16.00)
    - React-Codegen
    - React-Core/RCTBlobHeaders
    - React-Core/RCTWebSocket
    - React-jsi
    - React-NativeModulesApple
    - React-RCTNetwork
    - ReactCommon
  - React-RCTFabric (0.73.16):
    - glog
    - RCT-Folly/Fabric (= 2022.05.16.00)
    - React-Core
    - React-debug
    - React-Fabric
    - React-FabricImage
    - React-graphics
    - React-ImageManager
    - React-jsc
    - React-jsi
    - React-nativeconfig
    - React-RCTImage
    - React-RCTText
    - React-rendererdebug
    - React-runtimescheduler
    - React-utils
    - Yoga
  - React-RCTImage (0.73.16):
    - RCT-Folly (= 2022.05.16.00)
    - RCTTypeSafety
    - React-Codegen
    - React-Core/RCTImageHeaders
    - React-jsi
    - React-NativeModulesApple
    - React-RCTNetwork
    - ReactCommon
  - React-RCTLinking (0.73.16):
    - React-Codegen
    - React-Core/RCTLinkingHeaders (= 0.73.16)
    - React-jsi (= 0.73.16)
    - React-NativeModulesApple
    - ReactCommon
    - ReactCommon/turbomodule/core (= 0.73.16)
  - React-RCTNetwork (0.73.16):
    - RCT-Folly (= 2022.05.16.00)
    - RCTTypeSafety
    - React-Codegen
    - React-Core/RCTNetworkHeaders
    - React-jsi
    - React-NativeModulesApple
    - ReactCommon
  - React-RCTSettings (0.73.16):
    - RCT-Folly (= 2022.05.16.00)
    - RCTTypeSafety
    - React-Codegen
    - React-Core/RCTSettingsHeaders
    - React-jsi
    - React-NativeModulesApple
    - ReactCommon
  - React-RCTText (0.73.16):
    - React-Core/RCTTextHeaders (= 0.73.16)
    - Yoga
  - React-RCTVibration (0.73.16):
    - RCT-Folly (= 2022.05.16.00)
    - React-Codegen
    - React-Core/RCTVibrationHeaders
    - React-jsi
    - React-NativeModulesApple
    - ReactCommon
  - React-rendererdebug (0.73.16):
    - DoubleConversion
    - fmt (= 9.1.0)
    - RCT-Folly (= 2022.05.16.00)
    - React-debug
  - React-rncore (0.73.16)
  - React-runtimeexecutor (0.73.16):
    - React-jsi (= 0.73.16)
  - React-runtimescheduler (0.73.16):
    - glog
    - RCT-Folly (= 2022.05.16.00)
    - React-callinvoker
    - React-cxxreact
    - React-debug
    - React-jsc
    - React-jsi
    - React-rendererdebug
    - React-runtimeexecutor
    - React-utils
  - React-utils (0.73.16):
    - glog
    - RCT-Folly (= 2022.05.16.00)
    - React-debug
  - ReactCommon (0.73.16):
    - React-logger (= 0.73.16)
    - ReactCommon/turbomodule (= 0.73.16)
  - ReactCommon/turbomodule (0.73.16):
    - DoubleConversion
    - fmt (= 9.1.0)
    - glog
    - RCT-Folly (= 2022.05.16.00)
    - React-callinvoker (= 0.73.16)
    - React-cxxreact (= 0.73.16)
    - React-jsi (= 0.73.16)
    - React-logger (= 0.73.16)
    - React-perflogger (= 0.73.16)
    - ReactCommon/turbomodule/bridging (= 0.73.16)
    - ReactCommon/turbomodule/core (= 0.73.16)
  - ReactCommon/turbomodule/bridging (0.73.16):
    - DoubleConversion
    - fmt (= 9.1.0)
    - glog
    - RCT-Folly (= 2022.05.16.00)
    - React-callinvoker (= 0.73.16)
    - React-cxxreact (= 0.73.16)
    - React-jsi (= 0.73.16)
    - React-logger (= 0.73.16)
    - React-perflogger (= 0.73.16)
  - ReactCommon/turbomodule/core (0.73.16):
    - DoubleConversion
    - fmt (= 9.1.0)
    - glog
    - RCT-Folly (= 2022.05.16.00)
    - React-callinvoker (= 0.73.16)
    - React-cxxreact (= 0.73.16)
    - React-jsi (= 0.73.16)
    - React-logger (= 0.73.16)
    - React-perflogger (= 0.73.16)
  - SocketRocket (0.7.0)
  - Yoga (1.14.0)

DEPENDENCIES:
  - boost (from `../node_modules/react-native-macos/third-party-podspecs/boost.podspec`)
  - DoubleConversion (from `../node_modules/react-native-macos/third-party-podspecs/DoubleConversion.podspec`)
  - Expo (from `../node_modules/expo`)
  - FBLazyVector (from `../node_modules/react-native-macos/Libraries/FBLazyVector`)
  - FBReactNativeSpec (from `../node_modules/react-native-macos/React/FBReactNativeSpec`)
  - fmt (from `../node_modules/react-native-macos/third-party-podspecs/fmt.podspec`)
  - glog (from `../node_modules/react-native-macos/third-party-podspecs/glog.podspec`)
  - RCT-Folly (from `../node_modules/react-native-macos/third-party-podspecs/RCT-Folly.podspec`)
  - RCT-Folly/Fabric (from `../node_modules/react-native-macos/third-party-podspecs/RCT-Folly.podspec`)
  - RCTRequired (from `../node_modules/react-native-macos/Libraries/RCTRequired`)
  - RCTTypeSafety (from `../node_modules/react-native-macos/Libraries/TypeSafety`)
  - React (from `../node_modules/react-native-macos/`)
  - React-callinvoker (from `../node_modules/react-native-macos/ReactCommon/callinvoker`)
  - React-Codegen (from `build/generated/ios`)
  - React-Core (from `../node_modules/react-native-macos/`)
  - React-Core/RCTWebSocket (from `../node_modules/react-native-macos/`)
  - React-CoreModules (from `../node_modules/react-native-macos/React/CoreModules`)
  - React-cxxreact (from `../node_modules/react-native-macos/ReactCommon/cxxreact`)
  - React-debug (from `../node_modules/react-native-macos/ReactCommon/react/debug`)
  - React-Fabric (from `../node_modules/react-native-macos/ReactCommon`)
  - React-FabricImage (from `../node_modules/react-native-macos/ReactCommon`)
  - React-graphics (from `../node_modules/react-native-macos/ReactCommon/react/renderer/graphics`)
  - React-ImageManager (from `../node_modules/react-native-macos/ReactCommon/react/renderer/imagemanager/platform/ios`)
  - React-jsc (from `../node_modules/react-native-macos/ReactCommon/jsc`)
  - React-jserrorhandler (from `../node_modules/react-native-macos/ReactCommon/jserrorhandler`)
  - React-jsi (from `../node_modules/react-native-macos/ReactCommon/jsi`)
  - React-jsiexecutor (from `../node_modules/react-native-macos/ReactCommon/jsiexecutor`)
  - React-jsinspector (from `../node_modules/react-native-macos/ReactCommon/jsinspector-modern`)
  - React-logger (from `../node_modules/react-native-macos/ReactCommon/logger`)
  - React-Mapbuffer (from `../node_modules/react-native-macos/ReactCommon`)
  - React-nativeconfig (from `../node_modules/react-native-macos/ReactCommon`)
  - React-NativeModulesApple (from `../node_modules/react-native-macos/ReactCommon/react/nativemodule/core/platform/ios`)
  - React-perflogger (from `../node_modules/react-native-macos/ReactCommon/reactperflogger`)
  - React-RCTActionSheet (from `../node_modules/react-native-macos/Libraries/ActionSheetIOS`)
  - React-RCTAnimation (from `../node_modules/react-native-macos/Libraries/NativeAnimation`)
  - React-RCTAppDelegate (from `../node_modules/react-native-macos/Libraries/AppDelegate`)
  - React-RCTBlob (from `../node_modules/react-native-macos/Libraries/Blob`)
  - React-RCTFabric (from `../node_modules/react-native-macos/React`)
  - React-RCTImage (from `../node_modules/react-native-macos/Libraries/Image`)
  - React-RCTLinking (from `../node_modules/react-native-macos/Libraries/LinkingIOS`)
  - React-RCTNetwork (from `../node_modules/react-native-macos/Libraries/Network`)
  - React-RCTSettings (from `../node_modules/react-native-macos/Libraries/Settings`)
  - React-RCTText (from `../node_modules/react-native-macos/Libraries/Text`)
  - React-RCTVibration (from `../node_modules/react-native-macos/Libraries/Vibration`)
  - React-rendererdebug (from `../node_modules/react-native-macos/ReactCommon/react/renderer/debug`)
  - React-rncore (from `../node_modules/react-native-macos/ReactCommon`)
  - React-runtimeexecutor (from `../node_modules/react-native-macos/ReactCommon/runtimeexecutor`)
  - React-runtimescheduler (from `../node_modules/react-native-macos/ReactCommon/react/renderer/runtimescheduler`)
  - React-utils (from `../node_modules/react-native-macos/ReactCommon/react/utils`)
  - ReactCommon/turbomodule/core (from `../node_modules/react-native-macos/ReactCommon`)
  - SocketRocket (from `../node_modules/react-native-macos/third-party-podspecs/SocketRocket.podspec`)
  - Yoga (from `../node_modules/react-native-macos/ReactCommon/yoga`)

EXTERNAL SOURCES:
  boost:
    :podspec: "../node_modules/react-native-macos/third-party-podspecs/boost.podspec"
  DoubleConversion:
    :podspec: "../node_modules/react-native-macos/third-party-podspecs/DoubleConversion.podspec"
  Expo:
    :path: "../node_modules/expo"
  FBLazyVector:
    :path: "../node_modules/react-native-macos/Libraries/FBLazyVector"
  FBReactNativeSpec:
    :path: "../node_modules/react-native-macos/React/FBReactNativeSpec"
  fmt:
    :podspec: "../node_modules/react-native-macos/third-party-podspecs/fmt.podspec"
  glog:
    :podspec: "../node_modules/react-native-macos/third-party-podspecs/glog.podspec"
  RCT-Folly:
    :podspec: "../node_modules/react-native-macos/third-party-podspecs/RCT-Folly.podspec"
  RCTRequired:
    :path: "../node_modules/react-native-macos/Libraries/RCTRequired"
  RCTTypeSafety:
    :path: "../node_modules/react-native-macos/Libraries/TypeSafety"
  React:
    :path: "../node_modules/react-native-macos/"
  React-callinvoker:
    :path: "../node_modules/react-native-macos/ReactCommon/callinvoker"
  React-Codegen:
    :path: build/generated/ios
  React-Core:
    :path: "../node_modules/react-native-macos/"
  React-CoreModules:
    :path: "../node_modules/react-native-macos/React/CoreModules"
  React-cxxreact:
    :path: "../node_modules/react-native-macos/ReactCommon/cxxreact"
  React-debug:
    :path: "../node_modules/react-native-macos/ReactCommon/react/debug"
  React-Fabric:
    :path: "../node_modules/react-native-macos/ReactCommon"
  React-FabricImage:
    :path: "../node_modules/react-native-macos/ReactCommon"
  React-graphics:
    :path: "../node_modules/react-native-macos/ReactCommon/react/renderer/graphics"
  React-ImageManager:
    :path: "../node_modules/react-native-macos/ReactCommon/react/renderer/imagemanager/platform/ios"
  React-jsc:
    :path: "../node_modules/react-native-macos/ReactCommon/jsc"
  React-jserrorhandler:
    :path: "../node_modules/react-native-macos/ReactCommon/jserrorhandler"
  React-jsi:
    :path: "../node_modules/react-native-macos/ReactCommon/jsi"
  React-jsiexecutor:
    :path: "../node_modules/react-native-macos/ReactCommon/jsiexecutor"
  React-jsinspector:
    :path: "../node_modules/react-native-macos/ReactCommon/jsinspector-modern"
  React-logger:
    :path: "../node_modules/react-native-macos/ReactCommon/logger"
  React-Mapbuffer:
    :path: "../node_modules/react-native-macos/ReactCommon"
  React-nativeconfig:
    :path: "../node_modules/react-native-macos/ReactCommon"
  React-NativeModulesApple:
    :path: "../node_modules/react-native-macos/ReactCommon/react/nativemodule/core/platform/ios"
  React-perflogger:
    :path: "../node_modules/react-native-macos/ReactCommon/reactperflogger"
  React-RCTActionSheet:
    :path: "../node_modules/react-native-macos/Libraries/ActionSheetIOS"
  React-RCTAnimation:
    :path: "../node_modules/react-native-macos/Libraries/NativeAnimation"
  React-RCTAppDelegate:
    :path: "../node_modules/react-native-macos/Libraries/AppDelegate"
  React-RCTBlob:
    :path: "../node_modules/react-native-macos/Libraries/Blob"
  React-RCTFabric:
    :path: "../node_modules/react-native-macos/React"
  React-RCTImage:
    :path: "../node_modules/react-native-macos/Libraries/Image"
  React-RCTLinking:
    :path: "../node_modules/react-native-macos/Libraries/LinkingIOS"
  React-RCTNetwork:
    :path: "../node_modules/react-native-macos/Libraries/Network"
  React-RCTSettings:
    :path: "../node_modules/react-native-macos/Libraries/Settings"
  React-RCTText:
    :path: "../node_modules/react-native-macos/Libraries/Text"
  React-RCTVibration:
    :path: "../node_modules/react-native-macos/Libraries/Vibration"
  React-rendererdebug:
    :path: "../node_modules/react-native-macos/ReactCommon/react/renderer/debug"
  React-rncore:
    :path: "../node_modules/react-native-macos/ReactCommon"
  React-runtimeexecutor:
    :path: "../node_modules/react-native-macos/ReactCommon/runtimeexecutor"
  React-runtimescheduler:
    :path: "../node_modules/react-native-macos/ReactCommon/react/renderer/runtimescheduler"
  React-utils:
    :path: "../node_modules/react-native-macos/ReactCommon/react/utils"
  ReactCommon:
    :path: "../node_modules/react-native-macos/ReactCommon"
  SocketRocket:
    :podspec: "../node_modules/react-native-macos/third-party-podspecs/SocketRocket.podspec"
  Yoga:
    :path: "../node_modules/react-native-macos/ReactCommon/yoga"

SPEC CHECKSUMS:
  boost: 0686b6af8cbd638c784fea5afb789be66699823c
  DoubleConversion: ca54355f8932558971f6643521d62b9bc8231cee
  Expo: 0fafec76e3ea24a8892247704d796f238b20eded
  FBLazyVector: 91f8912f6d346a796fe51f8a74c4fe33aa88cac2
  FBReactNativeSpec: e31ce2a3f6a9d84a528e058e1623ad1869863d0b
  fmt: 03574da4b7ba40de39da59677ca66610ce8c4a02
  glog: 3a72874c0322c7caf24931d3a2777cb7a3090529
  RCT-Folly: 68e9c0fd4c0f05964afd447041d3ac2d67298f27
  RCTRequired: 49ce5ae1add05a09abe69333433153451f9f8600
  RCTTypeSafety: 78ce0ab8f2fe42602fe30ab611e76031df277a16
  React: 0bff12ca3bde24f34a55a60f03f7432f64b1f90f
  React-callinvoker: 28d8e725c8bc0cb6691400c3bc3fcc14e36ef5f0
  React-Codegen: d85b6fdf34b65d211eac5eae47c3d268bf9b7d74
  React-Core: 3c48b2f439a6d719d025f32f5b910cf15ae27591
  React-CoreModules: 57c1e563d2ee8cc3f9bcc21e7e445c1281ffa3c7
  React-cxxreact: 3503741095f0f5ba95a5843dc1dc3f2c80c48a4c
  React-debug: eecdc3763ac3f043f115f17097d5b56d40210798
  React-Fabric: 833404627fedf4a985cba32ba10b18f3c7d5f31f
  React-FabricImage: e388e560fb1463011e9c2885d104a5940020c5a1
  React-graphics: 4f7db73d786048bab566b577886fbad3ea77415b
  React-ImageManager: a640c853e2e617163b53447b31a073be1a16c16d
  React-jsc: ccaec440e00cd3dc610371718fdb311bb2a93e89
  React-jserrorhandler: d39b1707aedb29978a7830f0e4190143a89f455a
  React-jsi: b8ee268908cd681371db0ce736321cf94207d75a
  React-jsiexecutor: 679e46af8062a2639662e285e3e1d97d0f4f0cbd
  React-jsinspector: d858e4c1d2c03c93cb68d5f1727bc257db66d6e0
  React-logger: 746fe98e35b00918ad736e654f73edd0d0f55bc2
  React-Mapbuffer: 465519522314d0a99ac6d0142f497b42a04a23d1
  React-nativeconfig: ac304a02d979d373a26bdf4083240084385b0bb9
  React-NativeModulesApple: 89fc9ad045a8eceb07922ed1b487a166a38a3762
  React-perflogger: 29c3618922a7d32f44ec84e35e8f393c02f932b4
  React-RCTActionSheet: 583b4734ae31845e0dd0ee7e1c83e00f8bfc3899
  React-RCTAnimation: f26cd62dcd5493b4d055830354dd69c622fde267
  React-RCTAppDelegate: dfe8ef4a15012cc28a8ce8ccfbde5b488d5d259c
  React-RCTBlob: 2ec3fce72113a395cb1e7e9cd22c68eed1dbeabc
  React-RCTFabric: c1aaf0d93294d6477c524b93f011afbddabd518b
  React-RCTImage: 72e9b260ee1a9f72430eb5a5d66647164e8acca6
  React-RCTLinking: fe625d47033dab6401d7320debda9ae3c5ac4608
  React-RCTNetwork: b58645fc843ad3e668d15af3844e6d0686712711
  React-RCTSettings: feb6e391dfb4ba01cf7716d4090c14816db1dc19
  React-RCTText: 799ba5bcbc86cbc2f6d433c1e87a8851f018d5a1
  React-RCTVibration: b334f7f310074a265ce5826666b7bb9ac6aa46f7
  React-rendererdebug: 8295913d31618b1935dd38c235f08c7633c826eb
  React-rncore: 2986f49eae98b2c507985240c3357d19c348e332
  React-runtimeexecutor: 8e710f1dceb85af815b53a3e1fe4ffe2db7adbd4
  React-runtimescheduler: 4858190529f3dc9cfd72b2d24ee6b71d9e298cc9
  React-utils: 6dd9e04c2cba4c55c2427fd52fa0c62a0a3c5578
  ReactCommon: f3a821bd3890599dbcb7e2d2b97c6328e95a6144
  SocketRocket: f6c6249082c011e6de2de60ed641ef8bbe0cfac9
  Yoga: 8906dd3fc0221f66376e5a9b62269582813bab0d

PODFILE CHECKSUM: e1013bc8cbe695238f39d4efe2a58d0e2d36e94c

COCOAPODS: 1.15.2
